<?xml version="1.0" encoding="utf-8"?>
<Project ToolsVersion="4.0" xmlns="http://schemas.microsoft.com/developer/msbuild/2003">
  <ItemGroup>
    <Filter Include="源文件">
      <UniqueIdentifier>{4FC737F1-C7A5-4376-A066-2A32D752A2FF}</UniqueIdentifier>
      <Extensions>cpp;c;cc;cxx;c++;cppm;ixx;def;odl;idl;hpj;bat;asm;asmx</Extensions>
    </Filter>
    <Filter Include="头文件">
      <UniqueIdentifier>{93995380-89BD-4b04-88EB-625FBE52EBFB}</UniqueIdentifier>
      <Extensions>h;hh;hpp;hxx;h++;hm;inl;inc;ipp;xsd</Extensions>
    </Filter>
    <Filter Include="资源文件">
      <UniqueIdentifier>{67DA6AB6-F800-4c08-8B7A-83BB121AAD01}</UniqueIdentifier>
      <Extensions>rc;ico;cur;bmp;dlg;rc2;rct;bin;rgs;gif;jpg;jpeg;jpe;resx;tiff;tif;png;wav;mfcribbon-ms</Extensions>
    </Filter>
  </ItemGroup>
  <ItemGroup>
    <ClCompile Include="程序运行时间1.cpp">
      <Filter>源文件</Filter>
    </ClCompile>
    <ClCompile Include="程序运行时间2.cpp">
      <Filter>源文件</Filter>
    </ClCompile>
    <ClCompile Include="测试函数运行时间.cpp">
      <Filter>源文件</Filter>
    </ClCompile>
    <ClCompile Include="C++中的类型识别.cpp">
      <Filter>源文件</Filter>
    </ClCompile>
    <ClCompile Include="使用c++操作qq界面demo.cpp">
      <Filter>源文件</Filter>
    </ClCompile>
    <ClCompile Include="C++ 获取本机登陆过的QQ号码.cpp">
      <Filter>源文件</Filter>
    </ClCompile>
    <ClCompile Include="C++创建快捷方式以及操作.cpp">
      <Filter>源文件</Filter>
    </ClCompile>
    <ClCompile Include="C++ ShellCode免杀.cpp">
      <Filter>源文件</Filter>
    </ClCompile>
    <ClCompile Include="GetWifiPassword.cpp">
      <Filter>源文件</Filter>
    </ClCompile>
    <ClCompile Include="C++Hook键盘记录器.cpp">
      <Filter>源文件</Filter>
    </ClCompile>
    <ClCompile Include="C++获取本机ip及其它信息.cpp">
      <Filter>源文件</Filter>
    </ClCompile>
    <ClCompile Include="防止程序多开.cpp">
      <Filter>源文件</Filter>
    </ClCompile>
    <ClCompile Include="Windows编程捕获特定窗口及键盘鼠标消息模拟-1.cpp">
      <Filter>源文件</Filter>
    </ClCompile>
    <ClCompile Include="Windows编程捕获特定窗口及键盘鼠标消息模拟-2.cpp">
      <Filter>源文件</Filter>
    </ClCompile>
    <ClCompile Include="Windows注册表编程.cpp">
      <Filter>源文件</Filter>
    </ClCompile>
    <ClCompile Include="数字雨.cpp">
      <Filter>源文件</Filter>
    </ClCompile>
    <ClCompile Include="QQ群发器.cpp">
      <Filter>源文件</Filter>
    </ClCompile>
    <ClCompile Include="鼠标连点器.cpp">
      <Filter>源文件</Filter>
    </ClCompile>
    <ClCompile Include="ThreadDDOS.cpp">
      <Filter>源文件</Filter>
    </ClCompile>
    <ClCompile Include="学生管理系统.cpp">
      <Filter>源文件</Filter>
    </ClCompile>
    <ClCompile Include="贪吃蛇.cpp">
      <Filter>源文件</Filter>
    </ClCompile>
    <ClCompile Include="别踩白块.cpp">
      <Filter>源文件</Filter>
    </ClCompile>
    <ClCompile Include="俄罗斯方块.cpp">
      <Filter>源文件</Filter>
    </ClCompile>
    <ClCompile Include="雪花.cpp">
      <Filter>源文件</Filter>
    </ClCompile>
    <ClCompile Include="C++操作Windows防火墙添加例外程序.cpp">
      <Filter>源文件</Filter>
    </ClCompile>
    <ClCompile Include="c++ 遍历获取所有进程名及PID.cpp">
      <Filter>源文件</Filter>
    </ClCompile>
    <ClCompile Include="C++ 简单的文件加密和解密.cpp">
      <Filter>源文件</Filter>
    </ClCompile>
    <ClCompile Include="C++文件加密.cpp">
      <Filter>源文件</Filter>
    </ClCompile>
    <ClCompile Include="C++ 获取linux和windows系统的用户名.cpp">
      <Filter>源文件</Filter>
    </ClCompile>
    <ClCompile Include="实现程序自删除.cpp">
      <Filter>源文件</Filter>
    </ClCompile>
    <ClCompile Include="文件移动.cpp">
      <Filter>源文件</Filter>
    </ClCompile>
    <ClCompile Include="C++操作命令行输入输出信息.cpp">
      <Filter>源文件</Filter>
    </ClCompile>
    <ClCompile Include="c++加载驱动文件.cpp">
      <Filter>源文件</Filter>
    </ClCompile>
    <ClCompile Include="C++解析文件路径获取文件名和扩展名.cpp">
      <Filter>源文件</Filter>
    </ClCompile>
    <ClCompile Include="c++驱动【加载，启动，停止，卸载】.cpp">
      <Filter>源文件</Filter>
    </ClCompile>
    <ClCompile Include="获取系统中所有进程and线程信息.cpp">
      <Filter>源文件</Filter>
    </ClCompile>
    <ClCompile Include="C++简单实现程序自动更新.cpp">
      <Filter>源文件</Filter>
    </ClCompile>
    <ClCompile Include="C++实现usb插入操作监控.cpp">
      <Filter>源文件</Filter>
    </ClCompile>
    <ClCompile Include="C++ 实现录音和播放.cpp">
      <Filter>源文件</Filter>
    </ClCompile>
    <ClCompile Include="遍历Windows摄像头设备.cpp">
      <Filter>源文件</Filter>
    </ClCompile>
    <ClCompile Include="C++实现最简单的爬虫.cpp">
      <Filter>源文件</Filter>
    </ClCompile>
    <ClCompile Include="C++编写爬虫脚本爬取网站图片.cpp">
      <Filter>源文件</Filter>
    </ClCompile>
    <ClCompile Include="语法分析器C++代码实现.cpp">
      <Filter>源文件</Filter>
    </ClCompile>
    <ClCompile Include="C++ 代码解析（词法分析、语法分析）.cpp">
      <Filter>源文件</Filter>
    </ClCompile>
    <ClCompile Include="自制编译器-c++实现词法分析器.cpp">
      <Filter>源文件</Filter>
    </ClCompile>
    <ClCompile Include="C++获取windows桌面图标的位置信息.cpp">
      <Filter>源文件</Filter>
    </ClCompile>
  </ItemGroup>
  <ItemGroup>
    <None Include="packages.config" />
  </ItemGroup>
</Project>